// !$*UTF8*$!
{
	archiveVersion = 1;
	classes = {
	};
	objectVersion = 51;
	objects = {

/* Begin PBXBuildFile section */
		00E58CA9CCC5142D665B2231 /* Pods_RecipereUITests.framework in Frameworks */ = {isa = PBXBuildFile; fileRef = CDFD60C6BDB8C2D2E02CE049 /* Pods_RecipereUITests.framework */; };
		3D193711229C8ADD005B9DD1 /* Rubik-MediumItalic.ttf in Resources */ = {isa = PBXBuildFile; fileRef = 3D193707229C8ADD005B9DD1 /* Rubik-MediumItalic.ttf */; };
		3D193712229C8ADD005B9DD1 /* Rubik-Bold.ttf in Resources */ = {isa = PBXBuildFile; fileRef = 3D193708229C8ADD005B9DD1 /* Rubik-Bold.ttf */; };
		3D193713229C8ADD005B9DD1 /* Rubik-Light.ttf in Resources */ = {isa = PBXBuildFile; fileRef = 3D193709229C8ADD005B9DD1 /* Rubik-Light.ttf */; };
		3D193714229C8ADD005B9DD1 /* Rubik-Medium.ttf in Resources */ = {isa = PBXBuildFile; fileRef = 3D19370A229C8ADD005B9DD1 /* Rubik-Medium.ttf */; };
		3D193715229C8ADD005B9DD1 /* Rubik-Black.ttf in Resources */ = {isa = PBXBuildFile; fileRef = 3D19370B229C8ADD005B9DD1 /* Rubik-Black.ttf */; };
		3D193716229C8ADD005B9DD1 /* Rubik-Italic.ttf in Resources */ = {isa = PBXBuildFile; fileRef = 3D19370C229C8ADD005B9DD1 /* Rubik-Italic.ttf */; };
		3D193717229C8ADD005B9DD1 /* Rubik-LightItalic.ttf in Resources */ = {isa = PBXBuildFile; fileRef = 3D19370D229C8ADD005B9DD1 /* Rubik-LightItalic.ttf */; };
		3D193718229C8ADD005B9DD1 /* Rubik-BlackItalic.ttf in Resources */ = {isa = PBXBuildFile; fileRef = 3D19370E229C8ADD005B9DD1 /* Rubik-BlackItalic.ttf */; };
		3D193719229C8ADD005B9DD1 /* Rubik-Regular.ttf in Resources */ = {isa = PBXBuildFile; fileRef = 3D19370F229C8ADD005B9DD1 /* Rubik-Regular.ttf */; };
		3D19371A229C8ADD005B9DD1 /* Rubik-BoldItalic.ttf in Resources */ = {isa = PBXBuildFile; fileRef = 3D193710229C8ADD005B9DD1 /* Rubik-BoldItalic.ttf */; };
		3D24E822229D984D00A067D4 /* Main.storyboard in Resources */ = {isa = PBXBuildFile; fileRef = 3D24E821229D984D00A067D4 /* Main.storyboard */; };
		3D24E824229D9C7500A067D4 /* celdaMedicina.swift in Sources */ = {isa = PBXBuildFile; fileRef = 3D24E823229D9C7500A067D4 /* celdaMedicina.swift */; };
		3D24E826229DA08600A067D4 /* DiaDetalleViewController.swift in Sources */ = {isa = PBXBuildFile; fileRef = 3D24E825229DA08600A067D4 /* DiaDetalleViewController.swift */; };
		3D7469FA229CBE9F004CAF0E /* MainMenuViewController.swift in Sources */ = {isa = PBXBuildFile; fileRef = 3D7469F9229CBE9F004CAF0E /* MainMenuViewController.swift */; };
		3D895E83229C740000752762 /* AppDelegate.swift in Sources */ = {isa = PBXBuildFile; fileRef = 3D895E82229C740000752762 /* AppDelegate.swift */; };
		3D895E85229C740000752762 /* LoginViewController.swift in Sources */ = {isa = PBXBuildFile; fileRef = 3D895E84229C740000752762 /* LoginViewController.swift */; };
		3D895E8A229C740300752762 /* Assets.xcassets in Resources */ = {isa = PBXBuildFile; fileRef = 3D895E89229C740300752762 /* Assets.xcassets */; };
		3D895E98229C740300752762 /* RecipereTests.swift in Sources */ = {isa = PBXBuildFile; fileRef = 3D895E97229C740300752762 /* RecipereTests.swift */; };
		3D895EA3229C740300752762 /* RecipereUITests.swift in Sources */ = {isa = PBXBuildFile; fileRef = 3D895EA2229C740300752762 /* RecipereUITests.swift */; };
		7658A8F79F1678BC4F20948D /* Pods_RecipereTests.framework in Frameworks */ = {isa = PBXBuildFile; fileRef = 85FAC924293145099897D7E3 /* Pods_RecipereTests.framework */; };
		935C4D19FE9C6D4A4FFC0325 /* Pods_Recipere.framework in Frameworks */ = {isa = PBXBuildFile; fileRef = EE66F2325BABD2EDB2C7A7DA /* Pods_Recipere.framework */; };
/* End PBXBuildFile section */

/* Begin PBXContainerItemProxy section */
		3D895E94229C740300752762 /* PBXContainerItemProxy */ = {
			isa = PBXContainerItemProxy;
			containerPortal = 3D895E77229C740000752762 /* Project object */;
			proxyType = 1;
			remoteGlobalIDString = 3D895E7E229C740000752762;
			remoteInfo = Recipere;
		};
		3D895E9F229C740300752762 /* PBXContainerItemProxy */ = {
			isa = PBXContainerItemProxy;
			containerPortal = 3D895E77229C740000752762 /* Project object */;
			proxyType = 1;
			remoteGlobalIDString = 3D895E7E229C740000752762;
			remoteInfo = Recipere;
		};
/* End PBXContainerItemProxy section */

/* Begin PBXFileReference section */
		28AB068C84374AB6A026BD71 /* Pods-Recipere.debug.xcconfig */ = {isa = PBXFileReference; includeInIndex = 1; lastKnownFileType = text.xcconfig; name = "Pods-Recipere.debug.xcconfig"; path = "Target Support Files/Pods-Recipere/Pods-Recipere.debug.xcconfig"; sourceTree = "<group>"; };
		2CE17E8EB9B7F11F80D0A1BB /* Pods-RecipereUITests.debug.xcconfig */ = {isa = PBXFileReference; includeInIndex = 1; lastKnownFileType = text.xcconfig; name = "Pods-RecipereUITests.debug.xcconfig"; path = "Target Support Files/Pods-RecipereUITests/Pods-RecipereUITests.debug.xcconfig"; sourceTree = "<group>"; };
		3D193707229C8ADD005B9DD1 /* Rubik-MediumItalic.ttf */ = {isa = PBXFileReference; lastKnownFileType = file; path = "Rubik-MediumItalic.ttf"; sourceTree = "<group>"; };
		3D193708229C8ADD005B9DD1 /* Rubik-Bold.ttf */ = {isa = PBXFileReference; lastKnownFileType = file; path = "Rubik-Bold.ttf"; sourceTree = "<group>"; };
		3D193709229C8ADD005B9DD1 /* Rubik-Light.ttf */ = {isa = PBXFileReference; lastKnownFileType = file; path = "Rubik-Light.ttf"; sourceTree = "<group>"; };
		3D19370A229C8ADD005B9DD1 /* Rubik-Medium.ttf */ = {isa = PBXFileReference; lastKnownFileType = file; path = "Rubik-Medium.ttf"; sourceTree = "<group>"; };
		3D19370B229C8ADD005B9DD1 /* Rubik-Black.ttf */ = {isa = PBXFileReference; lastKnownFileType = file; path = "Rubik-Black.ttf"; sourceTree = "<group>"; };
		3D19370C229C8ADD005B9DD1 /* Rubik-Italic.ttf */ = {isa = PBXFileReference; lastKnownFileType = file; path = "Rubik-Italic.ttf"; sourceTree = "<group>"; };
		3D19370D229C8ADD005B9DD1 /* Rubik-LightItalic.ttf */ = {isa = PBXFileReference; lastKnownFileType = file; path = "Rubik-LightItalic.ttf"; sourceTree = "<group>"; };
		3D19370E229C8ADD005B9DD1 /* Rubik-BlackItalic.ttf */ = {isa = PBXFileReference; lastKnownFileType = file; path = "Rubik-BlackItalic.ttf"; sourceTree = "<group>"; };
		3D19370F229C8ADD005B9DD1 /* Rubik-Regular.ttf */ = {isa = PBXFileReference; lastKnownFileType = file; path = "Rubik-Regular.ttf"; sourceTree = "<group>"; };
		3D193710229C8ADD005B9DD1 /* Rubik-BoldItalic.ttf */ = {isa = PBXFileReference; lastKnownFileType = file; path = "Rubik-BoldItalic.ttf"; sourceTree = "<group>"; };
		3D24E821229D984D00A067D4 /* Main.storyboard */ = {isa = PBXFileReference; fileEncoding = 4; lastKnownFileType = file.storyboard; path = Main.storyboard; sourceTree = "<group>"; };
		3D24E823229D9C7500A067D4 /* celdaMedicina.swift */ = {isa = PBXFileReference; lastKnownFileType = sourcecode.swift; path = celdaMedicina.swift; sourceTree = "<group>"; };
		3D24E825229DA08600A067D4 /* DiaDetalleViewController.swift */ = {isa = PBXFileReference; lastKnownFileType = sourcecode.swift; path = DiaDetalleViewController.swift; sourceTree = "<group>"; };
		3D7469F9229CBE9F004CAF0E /* MainMenuViewController.swift */ = {isa = PBXFileReference; lastKnownFileType = sourcecode.swift; path = MainMenuViewController.swift; sourceTree = "<group>"; };
		3D895E7F229C740000752762 /* Recipere.app */ = {isa = PBXFileReference; explicitFileType = wrapper.application; includeInIndex = 0; path = Recipere.app; sourceTree = BUILT_PRODUCTS_DIR; };
		3D895E82229C740000752762 /* AppDelegate.swift */ = {isa = PBXFileReference; lastKnownFileType = sourcecode.swift; path = AppDelegate.swift; sourceTree = "<group>"; };
		3D895E84229C740000752762 /* LoginViewController.swift */ = {isa = PBXFileReference; lastKnownFileType = sourcecode.swift; path = LoginViewController.swift; sourceTree = "<group>"; };
		3D895E89229C740300752762 /* Assets.xcassets */ = {isa = PBXFileReference; lastKnownFileType = folder.assetcatalog; path = Assets.xcassets; sourceTree = "<group>"; };
		3D895E8C229C740300752762 /* Base */ = {isa = PBXFileReference; lastKnownFileType = file.storyboard; name = Base; path = Base.lproj/LaunchScreen.storyboard; sourceTree = "<group>"; };
		3D895E8E229C740300752762 /* Info.plist */ = {isa = PBXFileReference; lastKnownFileType = text.plist.xml; path = Info.plist; sourceTree = "<group>"; };
		3D895E93229C740300752762 /* RecipereTests.xctest */ = {isa = PBXFileReference; explicitFileType = wrapper.cfbundle; includeInIndex = 0; path = RecipereTests.xctest; sourceTree = BUILT_PRODUCTS_DIR; };
		3D895E97229C740300752762 /* RecipereTests.swift */ = {isa = PBXFileReference; lastKnownFileType = sourcecode.swift; path = RecipereTests.swift; sourceTree = "<group>"; };
		3D895E99229C740300752762 /* Info.plist */ = {isa = PBXFileReference; lastKnownFileType = text.plist.xml; path = Info.plist; sourceTree = "<group>"; };
		3D895E9E229C740300752762 /* RecipereUITests.xctest */ = {isa = PBXFileReference; explicitFileType = wrapper.cfbundle; includeInIndex = 0; path = RecipereUITests.xctest; sourceTree = BUILT_PRODUCTS_DIR; };
		3D895EA2229C740300752762 /* RecipereUITests.swift */ = {isa = PBXFileReference; lastKnownFileType = sourcecode.swift; path = RecipereUITests.swift; sourceTree = "<group>"; };
		3D895EA4229C740300752762 /* Info.plist */ = {isa = PBXFileReference; lastKnownFileType = text.plist.xml; path = Info.plist; sourceTree = "<group>"; };
		5C4D94CBF4A00F2454D3BBB4 /* Pods-Recipere.release.xcconfig */ = {isa = PBXFileReference; includeInIndex = 1; lastKnownFileType = text.xcconfig; name = "Pods-Recipere.release.xcconfig"; path = "Target Support Files/Pods-Recipere/Pods-Recipere.release.xcconfig"; sourceTree = "<group>"; };
		85FAC924293145099897D7E3 /* Pods_RecipereTests.framework */ = {isa = PBXFileReference; explicitFileType = wrapper.framework; includeInIndex = 0; path = Pods_RecipereTests.framework; sourceTree = BUILT_PRODUCTS_DIR; };
		99014557A492816B548C49B0 /* Pods-RecipereTests.debug.xcconfig */ = {isa = PBXFileReference; includeInIndex = 1; lastKnownFileType = text.xcconfig; name = "Pods-RecipereTests.debug.xcconfig"; path = "Target Support Files/Pods-RecipereTests/Pods-RecipereTests.debug.xcconfig"; sourceTree = "<group>"; };
		C4031AC1AB7A291B6614EB98 /* Pods-RecipereUITests.release.xcconfig */ = {isa = PBXFileReference; includeInIndex = 1; lastKnownFileType = text.xcconfig; name = "Pods-RecipereUITests.release.xcconfig"; path = "Target Support Files/Pods-RecipereUITests/Pods-RecipereUITests.release.xcconfig"; sourceTree = "<group>"; };
		CDFD60C6BDB8C2D2E02CE049 /* Pods_RecipereUITests.framework */ = {isa = PBXFileReference; explicitFileType = wrapper.framework; includeInIndex = 0; path = Pods_RecipereUITests.framework; sourceTree = BUILT_PRODUCTS_DIR; };
		DB458F2B1872EB884456FBCC /* Pods-RecipereTests.release.xcconfig */ = {isa = PBXFileReference; includeInIndex = 1; lastKnownFileType = text.xcconfig; name = "Pods-RecipereTests.release.xcconfig"; path = "Target Support Files/Pods-RecipereTests/Pods-RecipereTests.release.xcconfig"; sourceTree = "<group>"; };
		EE66F2325BABD2EDB2C7A7DA /* Pods_Recipere.framework */ = {isa = PBXFileReference; explicitFileType = wrapper.framework; includeInIndex = 0; path = Pods_Recipere.framework; sourceTree = BUILT_PRODUCTS_DIR; };
/* End PBXFileReference section */

/* Begin PBXFrameworksBuildPhase section */
		3D895E7C229C740000752762 /* Frameworks */ = {
			isa = PBXFrameworksBuildPhase;
			buildActionMask = 2147483647;
			files = (
				935C4D19FE9C6D4A4FFC0325 /* Pods_Recipere.framework in Frameworks */,
			);
			runOnlyForDeploymentPostprocessing = 0;
		};
		3D895E90229C740300752762 /* Frameworks */ = {
			isa = PBXFrameworksBuildPhase;
			buildActionMask = 2147483647;
			files = (
				7658A8F79F1678BC4F20948D /* Pods_RecipereTests.framework in Frameworks */,
			);
			runOnlyForDeploymentPostprocessing = 0;
		};
		3D895E9B229C740300752762 /* Frameworks */ = {
			isa = PBXFrameworksBuildPhase;
			buildActionMask = 2147483647;
			files = (
				00E58CA9CCC5142D665B2231 /* Pods_RecipereUITests.framework in Frameworks */,
			);
			runOnlyForDeploymentPostprocessing = 0;
		};
/* End PBXFrameworksBuildPhase section */

/* Begin PBXGroup section */
		3D193706229C8ADD005B9DD1 /* Rubrik */ = {
			isa = PBXGroup;
			children = (
				3D193707229C8ADD005B9DD1 /* Rubik-MediumItalic.ttf */,
				3D193708229C8ADD005B9DD1 /* Rubik-Bold.ttf */,
				3D193709229C8ADD005B9DD1 /* Rubik-Light.ttf */,
				3D19370A229C8ADD005B9DD1 /* Rubik-Medium.ttf */,
				3D19370B229C8ADD005B9DD1 /* Rubik-Black.ttf */,
				3D19370C229C8ADD005B9DD1 /* Rubik-Italic.ttf */,
				3D19370D229C8ADD005B9DD1 /* Rubik-LightItalic.ttf */,
				3D19370E229C8ADD005B9DD1 /* Rubik-BlackItalic.ttf */,
				3D19370F229C8ADD005B9DD1 /* Rubik-Regular.ttf */,
				3D193710229C8ADD005B9DD1 /* Rubik-BoldItalic.ttf */,
			);
			name = Rubrik;
			path = ../../Assets/Rubrik;
			sourceTree = "<group>";
		};
		3D895E76229C740000752762 = {
			isa = PBXGroup;
			children = (
				3D895E81229C740000752762 /* Recipere */,
				3D895E96229C740300752762 /* RecipereTests */,
				3D895EA1229C740300752762 /* RecipereUITests */,
				3D895E80229C740000752762 /* Products */,
				45E100B5BA3BCBE6C9F2E125 /* Pods */,
				8A49DB8B43614B1E7CC943EC /* Frameworks */,
			);
			sourceTree = "<group>";
		};
		3D895E80229C740000752762 /* Products */ = {
			isa = PBXGroup;
			children = (
				3D895E7F229C740000752762 /* Recipere.app */,
				3D895E93229C740300752762 /* RecipereTests.xctest */,
				3D895E9E229C740300752762 /* RecipereUITests.xctest */,
			);
			name = Products;
			sourceTree = "<group>";
		};
		3D895E81229C740000752762 /* Recipere */ = {
			isa = PBXGroup;
			children = (
				3DEF3A73229C767B007DEE64 /* app */,
				3DEF3A72229C7674007DEE64 /* Resources */,
				3DEF3A71229C7657007DEE64 /* ViewControllers */,
				3DEF3A70229C7648007DEE64 /* Views */,
				3DEF3A6F229C763D007DEE64 /* Models */,
			);
			path = Recipere;
			sourceTree = "<group>";
		};
		3D895E96229C740300752762 /* RecipereTests */ = {
			isa = PBXGroup;
			children = (
				3D895E97229C740300752762 /* RecipereTests.swift */,
				3D895E99229C740300752762 /* Info.plist */,
			);
			path = RecipereTests;
			sourceTree = "<group>";
		};
		3D895EA1229C740300752762 /* RecipereUITests */ = {
			isa = PBXGroup;
			children = (
				3D895EA2229C740300752762 /* RecipereUITests.swift */,
				3D895EA4229C740300752762 /* Info.plist */,
			);
			path = RecipereUITests;
			sourceTree = "<group>";
		};
		3DEF3A6F229C763D007DEE64 /* Models */ = {
			isa = PBXGroup;
			children = (
			);
			name = Models;
			sourceTree = "<group>";
		};
		3DEF3A70229C7648007DEE64 /* Views */ = {
			isa = PBXGroup;
			children = (
				3D24E821229D984D00A067D4 /* Main.storyboard */,
				3D895E8B229C740300752762 /* LaunchScreen.storyboard */,
			);
			name = Views;
			sourceTree = "<group>";
		};
		3DEF3A71229C7657007DEE64 /* ViewControllers */ = {
			isa = PBXGroup;
			children = (
				3DEF3A76229C76BA007DEE64 /* Cells */,
				3DEF3A75229C76B3007DEE64 /* Tables */,
				3D895E84229C740000752762 /* LoginViewController.swift */,
				3D7469F9229CBE9F004CAF0E /* MainMenuViewController.swift */,
			);
			name = ViewControllers;
			sourceTree = "<group>";
		};
		3DEF3A72229C7674007DEE64 /* Resources */ = {
			isa = PBXGroup;
			children = (
				3D193706229C8ADD005B9DD1 /* Rubrik */,
				3D895E89229C740300752762 /* Assets.xcassets */,
			);
			name = Resources;
			sourceTree = "<group>";
		};
		3DEF3A73229C767B007DEE64 /* app */ = {
			isa = PBXGroup;
			children = (
				3D895E82229C740000752762 /* AppDelegate.swift */,
				3D895E8E229C740300752762 /* Info.plist */,
			);
			name = app;
			sourceTree = "<group>";
		};
		3DEF3A75229C76B3007DEE64 /* Tables */ = {
			isa = PBXGroup;
			children = (
				3D24E825229DA08600A067D4 /* DiaDetalleViewController.swift */,
			);
			name = Tables;
			sourceTree = "<group>";
		};
		3DEF3A76229C76BA007DEE64 /* Cells */ = {
			isa = PBXGroup;
			children = (
				3D24E823229D9C7500A067D4 /* celdaMedicina.swift */,
			);
			name = Cells;
			sourceTree = "<group>";
		};
		45E100B5BA3BCBE6C9F2E125 /* Pods */ = {
			isa = PBXGroup;
			children = (
				28AB068C84374AB6A026BD71 /* Pods-Recipere.debug.xcconfig */,
				5C4D94CBF4A00F2454D3BBB4 /* Pods-Recipere.release.xcconfig */,
				99014557A492816B548C49B0 /* Pods-RecipereTests.debug.xcconfig */,
				DB458F2B1872EB884456FBCC /* Pods-RecipereTests.release.xcconfig */,
				2CE17E8EB9B7F11F80D0A1BB /* Pods-RecipereUITests.debug.xcconfig */,
				C4031AC1AB7A291B6614EB98 /* Pods-RecipereUITests.release.xcconfig */,
			);
			path = Pods;
			sourceTree = "<group>";
		};
		8A49DB8B43614B1E7CC943EC /* Frameworks */ = {
			isa = PBXGroup;
			children = (
				EE66F2325BABD2EDB2C7A7DA /* Pods_Recipere.framework */,
				85FAC924293145099897D7E3 /* Pods_RecipereTests.framework */,
				CDFD60C6BDB8C2D2E02CE049 /* Pods_RecipereUITests.framework */,
			);
			name = Frameworks;
			sourceTree = "<group>";
		};
/* End PBXGroup section */

/* Begin PBXNativeTarget section */
		3D895E7E229C740000752762 /* Recipere */ = {
			isa = PBXNativeTarget;
			buildConfigurationList = 3D895EA7229C740300752762 /* Build configuration list for PBXNativeTarget "Recipere" */;
			buildPhases = (
				F95DB16BC8F01BE5E526CDA7 /* [CP] Check Pods Manifest.lock */,
				3D895E7B229C740000752762 /* Sources */,
				3D895E7C229C740000752762 /* Frameworks */,
				3D895E7D229C740000752762 /* Resources */,
				A61869677994FE1E02D946C5 /* [CP] Embed Pods Frameworks */,
			);
			buildRules = (
			);
			dependencies = (
			);
			name = Recipere;
			productName = Recipere;
			productReference = 3D895E7F229C740000752762 /* Recipere.app */;
			productType = "com.apple.product-type.application";
		};
		3D895E92229C740300752762 /* RecipereTests */ = {
			isa = PBXNativeTarget;
			buildConfigurationList = 3D895EAA229C740300752762 /* Build configuration list for PBXNativeTarget "RecipereTests" */;
			buildPhases = (
				1C26A3475DE6D6AC32D30C6D /* [CP] Check Pods Manifest.lock */,
				3D895E8F229C740300752762 /* Sources */,
				3D895E90229C740300752762 /* Frameworks */,
				3D895E91229C740300752762 /* Resources */,
			);
			buildRules = (
			);
			dependencies = (
				3D895E95229C740300752762 /* PBXTargetDependency */,
			);
			name = RecipereTests;
			productName = RecipereTests;
			productReference = 3D895E93229C740300752762 /* RecipereTests.xctest */;
			productType = "com.apple.product-type.bundle.unit-test";
		};
		3D895E9D229C740300752762 /* RecipereUITests */ = {
			isa = PBXNativeTarget;
			buildConfigurationList = 3D895EAD229C740300752762 /* Build configuration list for PBXNativeTarget "RecipereUITests" */;
			buildPhases = (
				1B0CF20AF42AC08C9888CFF9 /* [CP] Check Pods Manifest.lock */,
				3D895E9A229C740300752762 /* Sources */,
				3D895E9B229C740300752762 /* Frameworks */,
				3D895E9C229C740300752762 /* Resources */,
			);
			buildRules = (
			);
			dependencies = (
				3D895EA0229C740300752762 /* PBXTargetDependency */,
			);
			name = RecipereUITests;
			productName = RecipereUITests;
			productReference = 3D895E9E229C740300752762 /* RecipereUITests.xctest */;
			productType = "com.apple.product-type.bundle.ui-testing";
		};
/* End PBXNativeTarget section */

/* Begin PBXProject section */
		3D895E77229C740000752762 /* Project object */ = {
			isa = PBXProject;
			attributes = {
				LastSwiftUpdateCheck = 1020;
				LastUpgradeCheck = 1020;
				ORGANIZATIONNAME = Pablo;
				TargetAttributes = {
					3D895E7E229C740000752762 = {
						CreatedOnToolsVersion = 10.2.1;
					};
					3D895E92229C740300752762 = {
						CreatedOnToolsVersion = 10.2.1;
						TestTargetID = 3D895E7E229C740000752762;
					};
					3D895E9D229C740300752762 = {
						CreatedOnToolsVersion = 10.2.1;
						TestTargetID = 3D895E7E229C740000752762;
					};
				};
			};
			buildConfigurationList = 3D895E7A229C740000752762 /* Build configuration list for PBXProject "Recipere" */;
			compatibilityVersion = "Xcode 9.3";
			developmentRegion = en;
			hasScannedForEncodings = 0;
			knownRegions = (
				en,
				Base,
			);
			mainGroup = 3D895E76229C740000752762;
			productRefGroup = 3D895E80229C740000752762 /* Products */;
			projectDirPath = "";
			projectRoot = "";
			targets = (
				3D895E7E229C740000752762 /* Recipere */,
				3D895E92229C740300752762 /* RecipereTests */,
				3D895E9D229C740300752762 /* RecipereUITests */,
			);
		};
/* End PBXProject section */

/* Begin PBXResourcesBuildPhase section */
		3D895E7D229C740000752762 /* Resources */ = {
			isa = PBXResourcesBuildPhase;
			buildActionMask = 2147483647;
			files = (
				3D193719229C8ADD005B9DD1 /* Rubik-Regular.ttf in Resources */,
				3D193717229C8ADD005B9DD1 /* Rubik-LightItalic.ttf in Resources */,
				3D193713229C8ADD005B9DD1 /* Rubik-Light.ttf in Resources */,
				3D24E822229D984D00A067D4 /* Main.storyboard in Resources */,
				3D193715229C8ADD005B9DD1 /* Rubik-Black.ttf in Resources */,
				3D895E8A229C740300752762 /* Assets.xcassets in Resources */,
				3D193718229C8ADD005B9DD1 /* Rubik-BlackItalic.ttf in Resources */,
				3D193716229C8ADD005B9DD1 /* Rubik-Italic.ttf in Resources */,
				3D193711229C8ADD005B9DD1 /* Rubik-MediumItalic.ttf in Resources */,
				3D193712229C8ADD005B9DD1 /* Rubik-Bold.ttf in Resources */,
				3D19371A229C8ADD005B9DD1 /* Rubik-BoldItalic.ttf in Resources */,
				3D193714229C8ADD005B9DD1 /* Rubik-Medium.ttf in Resources */,
			);
			runOnlyForDeploymentPostprocessing = 0;
		};
		3D895E91229C740300752762 /* Resources */ = {
			isa = PBXResourcesBuildPhase;
			buildActionMask = 2147483647;
			files = (
			);
			runOnlyForDeploymentPostprocessing = 0;
		};
		3D895E9C229C740300752762 /* Resources */ = {
			isa = PBXResourcesBuildPhase;
			buildActionMask = 2147483647;
			files = (
			);
			runOnlyForDeploymentPostprocessing = 0;
		};
/* End PBXResourcesBuildPhase section */

/* Begin PBXShellScriptBuildPhase section */
		1B0CF20AF42AC08C9888CFF9 /* [CP] Check Pods Manifest.lock */ = {
			isa = PBXShellScriptBuildPhase;
			buildActionMask = 2147483647;
			files = (
			);
			inputFileListPaths = (
			);
			inputPaths = (
				"${PODS_PODFILE_DIR_PATH}/Podfile.lock",
				"${PODS_ROOT}/Manifest.lock",
			);
			name = "[CP] Check Pods Manifest.lock";
			outputFileListPaths = (
			);
			outputPaths = (
				"$(DERIVED_FILE_DIR)/Pods-RecipereUITests-checkManifestLockResult.txt",
			);
			runOnlyForDeploymentPostprocessing = 0;
			shellPath = /bin/sh;
			shellScript = "diff \"${PODS_PODFILE_DIR_PATH}/Podfile.lock\" \"${PODS_ROOT}/Manifest.lock\" > /dev/null\nif [ $? != 0 ] ; then\n    # print error to STDERR\n    echo \"error: The sandbox is not in sync with the Podfile.lock. Run 'pod install' or update your CocoaPods installation.\" >&2\n    exit 1\nfi\n# This output is used by Xcode 'outputs' to avoid re-running this script phase.\necho \"SUCCESS\" > \"${SCRIPT_OUTPUT_FILE_0}\"\n";
			showEnvVarsInLog = 0;
		};
		1C26A3475DE6D6AC32D30C6D /* [CP] Check Pods Manifest.lock */ = {
			isa = PBXShellScriptBuildPhase;
			buildActionMask = 2147483647;
			files = (
			);
			inputFileListPaths = (
			);
			inputPaths = (
				"${PODS_PODFILE_DIR_PATH}/Podfile.lock",
				"${PODS_ROOT}/Manifest.lock",
			);
			name = "[CP] Check Pods Manifest.lock";
			outputFileListPaths = (
			);
			outputPaths = (
				"$(DERIVED_FILE_DIR)/Pods-RecipereTests-checkManifestLockResult.txt",
			);
			runOnlyForDeploymentPostprocessing = 0;
			shellPath = /bin/sh;
			shellScript = "diff \"${PODS_PODFILE_DIR_PATH}/Podfile.lock\" \"${PODS_ROOT}/Manifest.lock\" > /dev/null\nif [ $? != 0 ] ; then\n    # print error to STDERR\n    echo \"error: The sandbox is not in sync with the Podfile.lock. Run 'pod install' or update your CocoaPods installation.\" >&2\n    exit 1\nfi\n# This output is used by Xcode 'outputs' to avoid re-running this script phase.\necho \"SUCCESS\" > \"${SCRIPT_OUTPUT_FILE_0}\"\n";
			showEnvVarsInLog = 0;
		};
		A61869677994FE1E02D946C5 /* [CP] Embed Pods Frameworks */ = {
			isa = PBXShellScriptBuildPhase;
			buildActionMask = 2147483647;
			files = (
			);
			inputFileListPaths = (
				"${PODS_ROOT}/Target Support Files/Pods-Recipere/Pods-Recipere-frameworks-${CONFIGURATION}-input-files.xcfilelist",
			);
			name = "[CP] Embed Pods Frameworks";
			outputFileListPaths = (
				"${PODS_ROOT}/Target Support Files/Pods-Recipere/Pods-Recipere-frameworks-${CONFIGURATION}-output-files.xcfilelist",
			);
			runOnlyForDeploymentPostprocessing = 0;
			shellPath = /bin/sh;
			shellScript = "\"${PODS_ROOT}/Target Support Files/Pods-Recipere/Pods-Recipere-frameworks.sh\"\n";
			showEnvVarsInLog = 0;
		};
		F95DB16BC8F01BE5E526CDA7 /* [CP] Check Pods Manifest.lock */ = {
			isa = PBXShellScriptBuildPhase;
			buildActionMask = 2147483647;
			files = (
			);
			inputFileListPaths = (
			);
			inputPaths = (
				"${PODS_PODFILE_DIR_PATH}/Podfile.lock",
				"${PODS_ROOT}/Manifest.lock",
			);
			name = "[CP] Check Pods Manifest.lock";
			outputFileListPaths = (
			);
			outputPaths = (
				"$(DERIVED_FILE_DIR)/Pods-Recipere-checkManifestLockResult.txt",
			);
			runOnlyForDeploymentPostprocessing = 0;
			shellPath = /bin/sh;
			shellScript = "diff \"${PODS_PODFILE_DIR_PATH}/Podfile.lock\" \"${PODS_ROOT}/Manifest.lock\" > /dev/null\nif [ $? != 0 ] ; then\n    # print error to STDERR\n    echo \"error: The sandbox is not in sync with the Podfile.lock. Run 'pod install' or update your CocoaPods installation.\" >&2\n    exit 1\nfi\n# This output is used by Xcode 'outputs' to avoid re-running this script phase.\necho \"SUCCESS\" > \"${SCRIPT_OUTPUT_FILE_0}\"\n";
			showEnvVarsInLog = 0;
		};
/* End PBXShellScriptBuildPhase section */

/* Begin PBXSourcesBuildPhase section */
		3D895E7B229C740000752762 /* Sources */ = {
			isa = PBXSourcesBuildPhase;
			buildActionMask = 2147483647;
			files = (
				3D24E826229DA08600A067D4 /* DiaDetalleViewController.swift in Sources */,
				3D7469FA229CBE9F004CAF0E /* MainMenuViewController.swift in Sources */,
				3D24E824229D9C7500A067D4 /* celdaMedicina.swift in Sources */,
				3D895E85229C740000752762 /* LoginViewController.swift in Sources */,
				3D895E83229C740000752762 /* AppDelegate.swift in Sources */,
			);
			runOnlyForDeploymentPostprocessing = 0;
		};
		3D895E8F229C740300752762 /* Sources */ = {
			isa = PBXSourcesBuildPhase;
			buildActionMask = 2147483647;
			files = (
				3D895E98229C740300752762 /* RecipereTests.swift in Sources */,
			);
			runOnlyForDeploymentPostprocessing = 0;
		};
		3D895E9A229C740300752762 /* Sources */ = {
			isa = PBXSourcesBuildPhase;
			buildActionMask = 2147483647;
			files = (
				3D895EA3229C740300752762 /* RecipereUITests.swift in Sources */,
			);
			runOnlyForDeploymentPostprocessing = 0;
		};
/* End PBXSourcesBuildPhase section */

/* Begin PBXTargetDependency section */
		3D895E95229C740300752762 /* PBXTargetDependency */ = {
			isa = PBXTargetDependency;
			target = 3D895E7E229C740000752762 /* Recipere */;
			targetProxy = 3D895E94229C740300752762 /* PBXContainerItemProxy */;
		};
		3D895EA0229C740300752762 /* PBXTargetDependency */ = {
			isa = PBXTargetDependency;
			target = 3D895E7E229C740000752762 /* Recipere */;
			targetProxy = 3D895E9F229C740300752762 /* PBXContainerItemProxy */;
		};
/* End PBXTargetDependency section */

/* Begin PBXVariantGroup section */
		3D895E8B229C740300752762 /* LaunchScreen.storyboard */ = {
			isa = PBXVariantGroup;
			children = (
				3D895E8C229C740300752762 /* Base */,
			);
			name = LaunchScreen.storyboard;
			sourceTree = "<group>";
		};
/* End PBXVariantGroup section */

/* Begin XCBuildConfiguration section */
		3D895EA5229C740300752762 /* Debug */ = {
			isa = XCBuildConfiguration;
			buildSettings = {
				ALWAYS_SEARCH_USER_PATHS = NO;
				CLANG_ANALYZER_NONNULL = YES;
				CLANG_ANALYZER_NUMBER_OBJECT_CONVERSION = YES_AGGRESSIVE;
				CLANG_CXX_LANGUAGE_STANDARD = "gnu++14";
				CLANG_CXX_LIBRARY = "libc++";
				CLANG_ENABLE_MODULES = YES;
				CLANG_ENABLE_OBJC_ARC = YES;
				CLANG_ENABLE_OBJC_WEAK = YES;
				CLANG_WARN_BLOCK_CAPTURE_AUTORELEASING = YES;
				CLANG_WARN_BOOL_CONVERSION = YES;
				CLANG_WARN_COMMA = YES;
				CLANG_WARN_CONSTANT_CONVERSION = YES;
				CLANG_WARN_DEPRECATED_OBJC_IMPLEMENTATIONS = YES;
				CLANG_WARN_DIRECT_OBJC_ISA_USAGE = YES_ERROR;
				CLANG_WARN_DOCUMENTATION_COMMENTS = YES;
				CLANG_WARN_EMPTY_BODY = YES;
				CLANG_WARN_ENUM_CONVERSION = YES;
				CLANG_WARN_INFINITE_RECURSION = YES;
				CLANG_WARN_INT_CONVERSION = YES;
				CLANG_WARN_NON_LITERAL_NULL_CONVERSION = YES;
				CLANG_WARN_OBJC_IMPLICIT_RETAIN_SELF = YES;
				CLANG_WARN_OBJC_LITERAL_CONVERSION = YES;
				CLANG_WARN_OBJC_ROOT_CLASS = YES_ERROR;
				CLANG_WARN_RANGE_LOOP_ANALYSIS = YES;
				CLANG_WARN_STRICT_PROTOTYPES = YES;
				CLANG_WARN_SUSPICIOUS_MOVE = YES;
				CLANG_WARN_UNGUARDED_AVAILABILITY = YES_AGGRESSIVE;
				CLANG_WARN_UNREACHABLE_CODE = YES;
				CLANG_WARN__DUPLICATE_METHOD_MATCH = YES;
				CODE_SIGN_IDENTITY = "iPhone Developer";
				COPY_PHASE_STRIP = NO;
				DEBUG_INFORMATION_FORMAT = dwarf;
				ENABLE_STRICT_OBJC_MSGSEND = YES;
				ENABLE_TESTABILITY = YES;
				GCC_C_LANGUAGE_STANDARD = gnu11;
				GCC_DYNAMIC_NO_PIC = NO;
				GCC_NO_COMMON_BLOCKS = YES;
				GCC_OPTIMIZATION_LEVEL = 0;
				GCC_PREPROCESSOR_DEFINITIONS = (
					"DEBUG=1",
					"$(inherited)",
				);
				GCC_WARN_64_TO_32_BIT_CONVERSION = YES;
				GCC_WARN_ABOUT_RETURN_TYPE = YES_ERROR;
				GCC_WARN_UNDECLARED_SELECTOR = YES;
				GCC_WARN_UNINITIALIZED_AUTOS = YES_AGGRESSIVE;
				GCC_WARN_UNUSED_FUNCTION = YES;
				GCC_WARN_UNUSED_VARIABLE = YES;
				IPHONEOS_DEPLOYMENT_TARGET = 12.2;
				MTL_ENABLE_DEBUG_INFO = INCLUDE_SOURCE;
				MTL_FAST_MATH = YES;
				ONLY_ACTIVE_ARCH = YES;
				SDKROOT = iphoneos;
				SWIFT_ACTIVE_COMPILATION_CONDITIONS = DEBUG;
				SWIFT_OPTIMIZATION_LEVEL = "-Onone";
			};
			name = Debug;
		};
		3D895EA6229C740300752762 /* Release */ = {
			isa = XCBuildConfiguration;
			buildSettings = {
				ALWAYS_SEARCH_USER_PATHS = NO;
				CLANG_ANALYZER_NONNULL = YES;
				CLANG_ANALYZER_NUMBER_OBJECT_CONVERSION = YES_AGGRESSIVE;
				CLANG_CXX_LANGUAGE_STANDARD = "gnu++14";
				CLANG_CXX_LIBRARY = "libc++";
				CLANG_ENABLE_MODULES = YES;
				CLANG_ENABLE_OBJC_ARC = YES;
				CLANG_ENABLE_OBJC_WEAK = YES;
				CLANG_WARN_BLOCK_CAPTURE_AUTORELEASING = YES;
				CLANG_WARN_BOOL_CONVERSION = YES;
				CLANG_WARN_COMMA = YES;
				CLANG_WARN_CONSTANT_CONVERSION = YES;
				CLANG_WARN_DEPRECATED_OBJC_IMPLEMENTATIONS = YES;
				CLANG_WARN_DIRECT_OBJC_ISA_USAGE = YES_ERROR;
				CLANG_WARN_DOCUMENTATION_COMMENTS = YES;
				CLANG_WARN_EMPTY_BODY = YES;
				CLANG_WARN_ENUM_CONVERSION = YES;
				CLANG_WARN_INFINITE_RECURSION = YES;
				CLANG_WARN_INT_CONVERSION = YES;
				CLANG_WARN_NON_LITERAL_NULL_CONVERSION = YES;
				CLANG_WARN_OBJC_IMPLICIT_RETAIN_SELF = YES;
				CLANG_WARN_OBJC_LITERAL_CONVERSION = YES;
				CLANG_WARN_OBJC_ROOT_CLASS = YES_ERROR;
				CLANG_WARN_RANGE_LOOP_ANALYSIS = YES;
				CLANG_WARN_STRICT_PROTOTYPES = YES;
				CLANG_WARN_SUSPICIOUS_MOVE = YES;
				CLANG_WARN_UNGUARDED_AVAILABILITY = YES_AGGRESSIVE;
				CLANG_WARN_UNREACHABLE_CODE = YES;
				CLANG_WARN__DUPLICATE_METHOD_MATCH = YES;
				CODE_SIGN_IDENTITY = "iPhone Developer";
				COPY_PHASE_STRIP = NO;
				DEBUG_INFORMATION_FORMAT = "dwarf-with-dsym";
				ENABLE_NS_ASSERTIONS = NO;
				ENABLE_STRICT_OBJC_MSGSEND = YES;
				GCC_C_LANGUAGE_STANDARD = gnu11;
				GCC_NO_COMMON_BLOCKS = YES;
				GCC_WARN_64_TO_32_BIT_CONVERSION = YES;
				GCC_WARN_ABOUT_RETURN_TYPE = YES_ERROR;
				GCC_WARN_UNDECLARED_SELECTOR = YES;
				GCC_WARN_UNINITIALIZED_AUTOS = YES_AGGRESSIVE;
				GCC_WARN_UNUSED_FUNCTION = YES;
				GCC_WARN_UNUSED_VARIABLE = YES;
				IPHONEOS_DEPLOYMENT_TARGET = 12.2;
				MTL_ENABLE_DEBUG_INFO = NO;
				MTL_FAST_MATH = YES;
				SDKROOT = iphoneos;
				SWIFT_COMPILATION_MODE = wholemodule;
				SWIFT_OPTIMIZATION_LEVEL = "-O";
				VALIDATE_PRODUCT = YES;
			};
			name = Release;
		};
		3D895EA8229C740300752762 /* Debug */ = {
			isa = XCBuildConfiguration;
			baseConfigurationReference = 28AB068C84374AB6A026BD71 /* Pods-Recipere.debug.xcconfig */;
			buildSettings = {
				ALWAYS_EMBED_SWIFT_STANDARD_LIBRARIES = YES;
				ASSETCATALOG_COMPILER_APPICON_NAME = AppIcon;
				CODE_SIGN_STYLE = Automatic;
				INFOPLIST_FILE = Recipere/Info.plist;
				LD_RUNPATH_SEARCH_PATHS = (
					"$(inherited)",
					"@executable_path/Frameworks",
				);
				PRODUCT_BUNDLE_IDENTIFIER = edu.ulsa.Recipere;
				PRODUCT_NAME = "$(TARGET_NAME)";
				SWIFT_VERSION = 5.0;
				TARGETED_DEVICE_FAMILY = "1,2";
			};
			name = Debug;
		};
		3D895EA9229C740300752762 /* Release */ = {
			isa = XCBuildConfiguration;
			baseConfigurationReference = 5C4D94CBF4A00F2454D3BBB4 /* Pods-Recipere.release.xcconfig */;
			buildSettings = {
				ALWAYS_EMBED_SWIFT_STANDARD_LIBRARIES = YES;
				ASSETCATALOG_COMPILER_APPICON_NAME = AppIcon;
				CODE_SIGN_STYLE = Automatic;
				INFOPLIST_FILE = Recipere/Info.plist;
				LD_RUNPATH_SEARCH_PATHS = (
					"$(inherited)",
					"@executable_path/Frameworks",
				);
				PRODUCT_BUNDLE_IDENTIFIER = edu.ulsa.Recipere;
				PRODUCT_NAME = "$(TARGET_NAME)";
				SWIFT_VERSION = 5.0;
				TARGETED_DEVICE_FAMILY = "1,2";
			};
			name = Release;
		};
		3D895EAB229C740300752762 /* Debug */ = {
			isa = XCBuildConfiguration;
			baseConfigurationReference = 99014557A492816B548C49B0 /* Pods-RecipereTests.debug.xcconfig */;
			buildSettings = {
				ALWAYS_EMBED_SWIFT_STANDARD_LIBRARIES = YES;
				BUNDLE_LOADER = "$(TEST_HOST)";
				CODE_SIGN_STYLE = Automatic;
				INFOPLIST_FILE = RecipereTests/Info.plist;
				LD_RUNPATH_SEARCH_PATHS = (
					"$(inherited)",
					"@executable_path/Frameworks",
					"@loader_path/Frameworks",
				);
				PRODUCT_BUNDLE_IDENTIFIER = edu.ulsa.RecipereTests;
				PRODUCT_NAME = "$(TARGET_NAME)";
				SWIFT_VERSION = 5.0;
				TARGETED_DEVICE_FAMILY = "1,2";
				TEST_HOST = "$(BUILT_PRODUCTS_DIR)/Recipere.app/Recipere";
			};
			name = Debug;
		};
		3D895EAC229C740300752762 /* Release */ = {
			isa = XCBuildConfiguration;
			baseConfigurationReference = DB458F2B1872EB884456FBCC /* Pods-RecipereTests.release.xcconfig */;
			buildSettings = {
				ALWAYS_EMBED_SWIFT_STANDARD_LIBRARIES = YES;
				BUNDLE_LOADER = "$(TEST_HOST)";
				CODE_SIGN_STYLE = Automatic;
				INFOPLIST_FILE = RecipereTests/Info.plist;
				LD_RUNPATH_SEARCH_PATHS = (
					"$(inherited)",
					"@executable_path/Frameworks",
					"@loader_path/Frameworks",
				);
				PRODUCT_BUNDLE_IDENTIFIER = edu.ulsa.RecipereTests;
				PRODUCT_NAME = "$(TARGET_NAME)";
				SWIFT_VERSION = 5.0;
				TARGETED_DEVICE_FAMILY = "1,2";
				TEST_HOST = "$(BUILT_PRODUCTS_DIR)/Recipere.app/Recipere";
			};
			name = Release;
		};
		3D895EAE229C740300752762 /* Debug */ = {
			isa = XCBuildConfiguration;
			baseConfigurationReference = 2CE17E8EB9B7F11F80D0A1BB /* Pods-RecipereUITests.debug.xcconfig */;
			buildSettings = {
				ALWAYS_EMBED_SWIFT_STANDARD_LIBRARIES = YES;
				CODE_SIGN_STYLE = Automatic;
				INFOPLIST_FILE = RecipereUITests/Info.plist;
				LD_RUNPATH_SEARCH_PATHS = (
					"$(inherited)",
					"@executable_path/Frameworks",
					"@loader_path/Frameworks",
				);
				PRODUCT_BUNDLE_IDENTIFIER = edu.ulsa.RecipereUITests;
				PRODUCT_NAME = "$(TARGET_NAME)";
				SWIFT_VERSION = 5.0;
				TARGETED_DEVICE_FAMILY = "1,2";
				TEST_TARGET_NAME = Recipere;
			};
			name = Debug;
		};
		3D895EAF229C740300752762 /* Release */ = {
			isa = XCBuildConfiguration;
			baseConfigurationReference = C4031AC1AB7A291B6614EB98 /* Pods-RecipereUITests.release.xcconfig */;
			buildSettings = {
				ALWAYS_EMBED_SWIFT_STANDARD_LIBRARIES = YES;
				CODE_SIGN_STYLE = Automatic;
				INFOPLIST_FILE = RecipereUITests/Info.plist;
				LD_RUNPATH_SEARCH_PATHS = (
					"$(inherited)",
					"@executable_path/Frameworks",
					"@loader_path/Frameworks",
				);
				PRODUCT_BUNDLE_IDENTIFIER = edu.ulsa.RecipereUITests;
				PRODUCT_NAME = "$(TARGET_NAME)";
				SWIFT_VERSION = 5.0;
				TARGETED_DEVICE_FAMILY = "1,2";
				TEST_TARGET_NAME = Recipere;
			};
			name = Release;
		};
/* End XCBuildConfiguration section */

/* Begin XCConfigurationList section */
		3D895E7A229C740000752762 /* Build configuration list for PBXProject "Recipere" */ = {
			isa = XCConfigurationList;
			buildConfigurations = (
				3D895EA5229C740300752762 /* Debug */,
				3D895EA6229C740300752762 /* Release */,
			);
			defaultConfigurationIsVisible = 0;
			defaultConfigurationName = Release;
		};
		3D895EA7229C740300752762 /* Build configuration list for PBXNativeTarget "Recipere" */ = {
			isa = XCConfigurationList;
			buildConfigurations = (
				3D895EA8229C740300752762 /* Debug */,
				3D895EA9229C740300752762 /* Release */,
			);
			defaultConfigurationIsVisible = 0;
			defaultConfigurationName = Release;
		};
		3D895EAA229C740300752762 /* Build configuration list for PBXNativeTarget "RecipereTests" */ = {
			isa = XCConfigurationList;
			buildConfigurations = (
				3D895EAB229C740300752762 /* Debug */,
				3D895EAC229C740300752762 /* Release */,
			);
			defaultConfigurationIsVisible = 0;
			defaultConfigurationName = Release;
		};
		3D895EAD229C740300752762 /* Build configuration list for PBXNativeTarget "RecipereUITests" */ = {
			isa = XCConfigurationList;
			buildConfigurations = (
				3D895EAE229C740300752762 /* Debug */,
				3D895EAF229C740300752762 /* Release */,
			);
			defaultConfigurationIsVisible = 0;
			defaultConfigurationName = Release;
		};
/* End XCConfigurationList section */
	};
	rootObject = 3D895E77229C740000752762 /* Project object */;
}
