PODS:
  - SSCalendarControl (1.0.0)

DEPENDENCIES:
  - SSCalendarControl

SPEC REPOS:
  https://github.com/cocoapods/specs.git:
    - SSCalendarControl

SPEC CHECKSUMS:
  SSCalendarControl: 00508ba88b5db6d791c95c1dbe0700fe8e4b313b

PODFILE CHECKSUM: 63623ca6e23cd948ac7a94b0e93ba77afc7d0f59

COCOAPODS: 1.7.0
